// !$*UTF8*$!
{
	archiveVersion = 1;
	classes = {
	};
	objectVersion = 50;
	objects = {

/* Begin PBXBuildFile section */
		C4F550D52357A9FB0087E42F /* AppDelegate.swift in Sources */ = {isa = PBXBuildFile; fileRef = C4F550D42357A9FB0087E42F /* AppDelegate.swift */; };
		C4F550D72357A9FB0087E42F /* ViewController.swift in Sources */ = {isa = PBXBuildFile; fileRef = C4F550D62357A9FB0087E42F /* ViewController.swift */; };
		C4F550DA2357A9FB0087E42F /* Main.storyboard in Resources */ = {isa = PBXBuildFile; fileRef = C4F550D82357A9FB0087E42F /* Main.storyboard */; };
		C4F550DC2357A9FC0087E42F /* Assets.xcassets in Resources */ = {isa = PBXBuildFile; fileRef = C4F550DB2357A9FC0087E42F /* Assets.xcassets */; };
		C4F550DF2357A9FC0087E42F /* LaunchScreen.storyboard in Resources */ = {isa = PBXBuildFile; fileRef = C4F550DD2357A9FC0087E42F /* LaunchScreen.storyboard */; };
		C4F550EA2357A9FC0087E42F /* ex00Tests.swift in Sources */ = {isa = PBXBuildFile; fileRef = C4F550E92357A9FC0087E42F /* ex00Tests.swift */; };
		C4F550F52357A9FC0087E42F /* ex00UITests.swift in Sources */ = {isa = PBXBuildFile; fileRef = C4F550F42357A9FC0087E42F /* ex00UITests.swift */; };
/* End PBXBuildFile section */

/* Begin PBXContainerItemProxy section */
		C4F550E62357A9FC0087E42F /* PBXContainerItemProxy */ = {
			isa = PBXContainerItemProxy;
			containerPortal = C4F550C92357A9FB0087E42F /* Project object */;
			proxyType = 1;
			remoteGlobalIDString = C4F550D02357A9FB0087E42F;
			remoteInfo = ex00;
		};
		C4F550F12357A9FC0087E42F /* PBXContainerItemProxy */ = {
			isa = PBXContainerItemProxy;
			containerPortal = C4F550C92357A9FB0087E42F /* Project object */;
			proxyType = 1;
			remoteGlobalIDString = C4F550D02357A9FB0087E42F;
			remoteInfo = ex00;
		};
/* End PBXContainerItemProxy section */

/* Begin PBXFileReference section */
		C4F550D12357A9FB0087E42F /* ex00.app */ = {isa = PBXFileReference; explicitFileType = wrapper.application; includeInIndex = 0; path = ex00.app; sourceTree = BUILT_PRODUCTS_DIR; };
		C4F550D42357A9FB0087E42F /* AppDelegate.swift */ = {isa = PBXFileReference; lastKnownFileType = sourcecode.swift; path = AppDelegate.swift; sourceTree = "<group>"; };
		C4F550D62357A9FB0087E42F /* ViewController.swift */ = {isa = PBXFileReference; lastKnownFileType = sourcecode.swift; path = ViewController.swift; sourceTree = "<group>"; };
		C4F550D92357A9FB0087E42F /* Base */ = {isa = PBXFileReference; lastKnownFileType = file.storyboard; name = Base; path = Base.lproj/Main.storyboard; sourceTree = "<group>"; };
		C4F550DB2357A9FC0087E42F /* Assets.xcassets */ = {isa = PBXFileReference; lastKnownFileType = folder.assetcatalog; path = Assets.xcassets; sourceTree = "<group>"; };
		C4F550DE2357A9FC0087E42F /* Base */ = {isa = PBXFileReference; lastKnownFileType = file.storyboard; name = Base; path = Base.lproj/LaunchScreen.storyboard; sourceTree = "<group>"; };
		C4F550E02357A9FC0087E42F /* Info.plist */ = {isa = PBXFileReference; lastKnownFileType = text.plist.xml; path = Info.plist; sourceTree = "<group>"; };
		C4F550E52357A9FC0087E42F /* ex00Tests.xctest */ = {isa = PBXFileReference; explicitFileType = wrapper.cfbundle; includeInIndex = 0; path = ex00Tests.xctest; sourceTree = BUILT_PRODUCTS_DIR; };
		C4F550E92357A9FC0087E42F /* ex00Tests.swift */ = {isa = PBXFileReference; lastKnownFileType = sourcecode.swift; path = ex00Tests.swift; sourceTree = "<group>"; };
		C4F550EB2357A9FC0087E42F /* Info.plist */ = {isa = PBXFileReference; lastKnownFileType = text.plist.xml; path = Info.plist; sourceTree = "<group>"; };
		C4F550F02357A9FC0087E42F /* ex00UITests.xctest */ = {isa = PBXFileReference; explicitFileType = wrapper.cfbundle; includeInIndex = 0; path = ex00UITests.xctest; sourceTree = BUILT_PRODUCTS_DIR; };
		C4F550F42357A9FC0087E42F /* ex00UITests.swift */ = {isa = PBXFileReference; lastKnownFileType = sourcecode.swift; path = ex00UITests.swift; sourceTree = "<group>"; };
		C4F550F62357A9FC0087E42F /* Info.plist */ = {isa = PBXFileReference; lastKnownFileType = text.plist.xml; path = Info.plist; sourceTree = "<group>"; };
/* End PBXFileReference section */

/* Begin PBXFrameworksBuildPhase section */
		C4F550CE2357A9FB0087E42F /* Frameworks */ = {
			isa = PBXFrameworksBuildPhase;
			buildActionMask = 2147483647;
			files = (
			);
			runOnlyForDeploymentPostprocessing = 0;
		};
		C4F550E22357A9FC0087E42F /* Frameworks */ = {
			isa = PBXFrameworksBuildPhase;
			buildActionMask = 2147483647;
			files = (
			);
			runOnlyForDeploymentPostprocessing = 0;
		};
		C4F550ED2357A9FC0087E42F /* Frameworks */ = {
			isa = PBXFrameworksBuildPhase;
			buildActionMask = 2147483647;
			files = (
			);
			runOnlyForDeploymentPostprocessing = 0;
		};
/* End PBXFrameworksBuildPhase section */

/* Begin PBXGroup section */
		C4F550C82357A9FB0087E42F = {
			isa = PBXGroup;
			children = (
				C4F550D32357A9FB0087E42F /* ex00 */,
				C4F550E82357A9FC0087E42F /* ex00Tests */,
				C4F550F32357A9FC0087E42F /* ex00UITests */,
				C4F550D22357A9FB0087E42F /* Products */,
			);
			sourceTree = "<group>";
		};
		C4F550D22357A9FB0087E42F /* Products */ = {
			isa = PBXGroup;
			children = (
				C4F550D12357A9FB0087E42F /* ex00.app */,
				C4F550E52357A9FC0087E42F /* ex00Tests.xctest */,
				C4F550F02357A9FC0087E42F /* ex00UITests.xctest */,
			);
			name = Products;
			sourceTree = "<group>";
		};
		C4F550D32357A9FB0087E42F /* ex00 */ = {
			isa = PBXGroup;
			children = (
				C4F551022357AA2C0087E42F /* supportingFiles */,
				C4F550D62357A9FB0087E42F /* ViewController.swift */,
				C4F550D82357A9FB0087E42F /* Main.storyboard */,
				C4F550E02357A9FC0087E42F /* Info.plist */,
			);
			path = ex00;
			sourceTree = "<group>";
		};
		C4F550E82357A9FC0087E42F /* ex00Tests */ = {
			isa = PBXGroup;
			children = (
				C4F550E92357A9FC0087E42F /* ex00Tests.swift */,
				C4F550EB2357A9FC0087E42F /* Info.plist */,
			);
			path = ex00Tests;
			sourceTree = "<group>";
		};
		C4F550F32357A9FC0087E42F /* ex00UITests */ = {
			isa = PBXGroup;
			children = (
				C4F550F42357A9FC0087E42F /* ex00UITests.swift */,
				C4F550F62357A9FC0087E42F /* Info.plist */,
			);
			path = ex00UITests;
			sourceTree = "<group>";
		};
		C4F551022357AA2C0087E42F /* supportingFiles */ = {
			isa = PBXGroup;
			children = (
				C4F550D42357A9FB0087E42F /* AppDelegate.swift */,
				C4F550DB2357A9FC0087E42F /* Assets.xcassets */,
				C4F550DD2357A9FC0087E42F /* LaunchScreen.storyboard */,
			);
			path = supportingFiles;
			sourceTree = "<group>";
		};
/* End PBXGroup section */

/* Begin PBXNativeTarget section */
		C4F550D02357A9FB0087E42F /* ex00 */ = {
			isa = PBXNativeTarget;
			buildConfigurationList = C4F550F92357A9FC0087E42F /* Build configuration list for PBXNativeTarget "ex00" */;
			buildPhases = (
				C4F550CD2357A9FB0087E42F /* Sources */,
				C4F550CE2357A9FB0087E42F /* Frameworks */,
				C4F550CF2357A9FB0087E42F /* Resources */,
			);
			buildRules = (
			);
			dependencies = (
			);
			name = ex00;
			productName = ex00;
			productReference = C4F550D12357A9FB0087E42F /* ex00.app */;
			productType = "com.apple.product-type.application";
		};
		C4F550E42357A9FC0087E42F /* ex00Tests */ = {
			isa = PBXNativeTarget;
			buildConfigurationList = C4F550FC2357A9FC0087E42F /* Build configuration list for PBXNativeTarget "ex00Tests" */;
			buildPhases = (
				C4F550E12357A9FC0087E42F /* Sources */,
				C4F550E22357A9FC0087E42F /* Frameworks */,
				C4F550E32357A9FC0087E42F /* Resources */,
			);
			buildRules = (
			);
			dependencies = (
				C4F550E72357A9FC0087E42F /* PBXTargetDependency */,
			);
			name = ex00Tests;
			productName = ex00Tests;
			productReference = C4F550E52357A9FC0087E42F /* ex00Tests.xctest */;
			productType = "com.apple.product-type.bundle.unit-test";
		};
		C4F550EF2357A9FC0087E42F /* ex00UITests */ = {
			isa = PBXNativeTarget;
			buildConfigurationList = C4F550FF2357A9FC0087E42F /* Build configuration list for PBXNativeTarget "ex00UITests" */;
			buildPhases = (
				C4F550EC2357A9FC0087E42F /* Sources */,
				C4F550ED2357A9FC0087E42F /* Frameworks */,
				C4F550EE2357A9FC0087E42F /* Resources */,
			);
			buildRules = (
			);
			dependencies = (
				C4F550F22357A9FC0087E42F /* PBXTargetDependency */,
			);
			name = ex00UITests;
			productName = ex00UITests;
			productReference = C4F550F02357A9FC0087E42F /* ex00UITests.xctest */;
			productType = "com.apple.product-type.bundle.ui-testing";
		};
/* End PBXNativeTarget section */

/* Begin PBXProject section */
		C4F550C92357A9FB0087E42F /* Project object */ = {
			isa = PBXProject;
			attributes = {
				LastSwiftUpdateCheck = 0940;
				LastUpgradeCheck = 0940;
				ORGANIZATIONNAME = "Mohammad Butt";
				TargetAttributes = {
					C4F550D02357A9FB0087E42F = {
						CreatedOnToolsVersion = 9.4.1;
					};
					C4F550E42357A9FC0087E42F = {
						CreatedOnToolsVersion = 9.4.1;
						TestTargetID = C4F550D02357A9FB0087E42F;
					};
					C4F550EF2357A9FC0087E42F = {
						CreatedOnToolsVersion = 9.4.1;
						TestTargetID = C4F550D02357A9FB0087E42F;
					};
				};
			};
			buildConfigurationList = C4F550CC2357A9FB0087E42F /* Build configuration list for PBXProject "ex00" */;
			compatibilityVersion = "Xcode 9.3";
			developmentRegion = en;
			hasScannedForEncodings = 0;
			knownRegions = (
				en,
				Base,
			);
			mainGroup = C4F550C82357A9FB0087E42F;
			productRefGroup = C4F550D22357A9FB0087E42F /* Products */;
			projectDirPath = "";
			projectRoot = "";
			targets = (
				C4F550D02357A9FB0087E42F /* ex00 */,
				C4F550E42357A9FC0087E42F /* ex00Tests */,
				C4F550EF2357A9FC0087E42F /* ex00UITests */,
			);
		};
/* End PBXProject section */

/* Begin PBXResourcesBuildPhase section */
		C4F550CF2357A9FB0087E42F /* Resources */ = {
			isa = PBXResourcesBuildPhase;
			buildActionMask = 2147483647;
			files = (
				C4F550DF2357A9FC0087E42F /* LaunchScreen.storyboard in Resources */,
				C4F550DC2357A9FC0087E42F /* Assets.xcassets in Resources */,
				C4F550DA2357A9FB0087E42F /* Main.storyboard in Resources */,
			);
			runOnlyForDeploymentPostprocessing = 0;
		};
		C4F550E32357A9FC0087E42F /* Resources */ = {
			isa = PBXResourcesBuildPhase;
			buildActionMask = 2147483647;
			files = (
			);
			runOnlyForDeploymentPostprocessing = 0;
		};
		C4F550EE2357A9FC0087E42F /* Resources */ = {
			isa = PBXResourcesBuildPhase;
			buildActionMask = 2147483647;
			files = (
			);
			runOnlyForDeploymentPostprocessing = 0;
		};
/* End PBXResourcesBuildPhase section */

/* Begin PBXSourcesBuildPhase section */
		C4F550CD2357A9FB0087E42F /* Sources */ = {
			isa = PBXSourcesBuildPhase;
			buildActionMask = 2147483647;
			files = (
				C4F550D72357A9FB0087E42F /* ViewController.swift in Sources */,
				C4F550D52357A9FB0087E42F /* AppDelegate.swift in Sources */,
			);
			runOnlyForDeploymentPostprocessing = 0;
		};
		C4F550E12357A9FC0087E42F /* Sources */ = {
			isa = PBXSourcesBuildPhase;
			buildActionMask = 2147483647;
			files = (
				C4F550EA2357A9FC0087E42F /* ex00Tests.swift in Sources */,
			);
			runOnlyForDeploymentPostprocessing = 0;
		};
		C4F550EC2357A9FC0087E42F /* Sources */ = {
			isa = PBXSourcesBuildPhase;
			buildActionMask = 2147483647;
			files = (
				C4F550F52357A9FC0087E42F /* ex00UITests.swift in Sources */,
			);
			runOnlyForDeploymentPostprocessing = 0;
		};
/* End PBXSourcesBuildPhase section */

/* Begin PBXTargetDependency section */
		C4F550E72357A9FC0087E42F /* PBXTargetDependency */ = {
			isa = PBXTargetDependency;
			target = C4F550D02357A9FB0087E42F /* ex00 */;
			targetProxy = C4F550E62357A9FC0087E42F /* PBXContainerItemProxy */;
		};
		C4F550F22357A9FC0087E42F /* PBXTargetDependency */ = {
			isa = PBXTargetDependency;
			target = C4F550D02357A9FB0087E42F /* ex00 */;
			targetProxy = C4F550F12357A9FC0087E42F /* PBXContainerItemProxy */;
		};
/* End PBXTargetDependency section */

/* Begin PBXVariantGroup section */
		C4F550D82357A9FB0087E42F /* Main.storyboard */ = {
			isa = PBXVariantGroup;
			children = (
				C4F550D92357A9FB0087E42F /* Base */,
			);
			name = Main.storyboard;
			sourceTree = "<group>";
		};
		C4F550DD2357A9FC0087E42F /* LaunchScreen.storyboard */ = {
			isa = PBXVariantGroup;
			children = (
				C4F550DE2357A9FC0087E42F /* Base */,
			);
			name = LaunchScreen.storyboard;
			sourceTree = "<group>";
		};
/* End PBXVariantGroup section */

/* Begin XCBuildConfiguration section */
		C4F550F72357A9FC0087E42F /* Debug */ = {
			isa = XCBuildConfiguration;
			buildSettings = {
				ALWAYS_SEARCH_USER_PATHS = NO;
				CLANG_ANALYZER_NONNULL = YES;
				CLANG_ANALYZER_NUMBER_OBJECT_CONVERSION = YES_AGGRESSIVE;
				CLANG_CXX_LANGUAGE_STANDARD = "gnu++14";
				CLANG_CXX_LIBRARY = "libc++";
				CLANG_ENABLE_MODULES = YES;
				CLANG_ENABLE_OBJC_ARC = YES;
				CLANG_ENABLE_OBJC_WEAK = YES;
				CLANG_WARN_BLOCK_CAPTURE_AUTORELEASING = YES;
				CLANG_WARN_BOOL_CONVERSION = YES;
				CLANG_WARN_COMMA = YES;
				CLANG_WARN_CONSTANT_CONVERSION = YES;
				CLANG_WARN_DEPRECATED_OBJC_IMPLEMENTATIONS = YES;
				CLANG_WARN_DIRECT_OBJC_ISA_USAGE = YES_ERROR;
				CLANG_WARN_DOCUMENTATION_COMMENTS = YES;
				CLANG_WARN_EMPTY_BODY = YES;
				CLANG_WARN_ENUM_CONVERSION = YES;
				CLANG_WARN_INFINITE_RECURSION = YES;
				CLANG_WARN_INT_CONVERSION = YES;
				CLANG_WARN_NON_LITERAL_NULL_CONVERSION = YES;
				CLANG_WARN_OBJC_IMPLICIT_RETAIN_SELF = YES;
				CLANG_WARN_OBJC_LITERAL_CONVERSION = YES;
				CLANG_WARN_OBJC_ROOT_CLASS = YES_ERROR;
				CLANG_WARN_RANGE_LOOP_ANALYSIS = YES;
				CLANG_WARN_STRICT_PROTOTYPES = YES;
				CLANG_WARN_SUSPICIOUS_MOVE = YES;
				CLANG_WARN_UNGUARDED_AVAILABILITY = YES_AGGRESSIVE;
				CLANG_WARN_UNREACHABLE_CODE = YES;
				CLANG_WARN__DUPLICATE_METHOD_MATCH = YES;
				CODE_SIGN_IDENTITY = "iPhone Developer";
				COPY_PHASE_STRIP = NO;
				DEBUG_INFORMATION_FORMAT = dwarf;
				ENABLE_STRICT_OBJC_MSGSEND = YES;
				ENABLE_TESTABILITY = YES;
				GCC_C_LANGUAGE_STANDARD = gnu11;
				GCC_DYNAMIC_NO_PIC = NO;
				GCC_NO_COMMON_BLOCKS = YES;
				GCC_OPTIMIZATION_LEVEL = 0;
				GCC_PREPROCESSOR_DEFINITIONS = (
					"DEBUG=1",
					"$(inherited)",
				);
				GCC_WARN_64_TO_32_BIT_CONVERSION = YES;
				GCC_WARN_ABOUT_RETURN_TYPE = YES_ERROR;
				GCC_WARN_UNDECLARED_SELECTOR = YES;
				GCC_WARN_UNINITIALIZED_AUTOS = YES_AGGRESSIVE;
				GCC_WARN_UNUSED_FUNCTION = YES;
				GCC_WARN_UNUSED_VARIABLE = YES;
				IPHONEOS_DEPLOYMENT_TARGET = 11.4;
				MTL_ENABLE_DEBUG_INFO = YES;
				ONLY_ACTIVE_ARCH = YES;
				SDKROOT = iphoneos;
				SWIFT_ACTIVE_COMPILATION_CONDITIONS = DEBUG;
				SWIFT_OPTIMIZATION_LEVEL = "-Onone";
			};
			name = Debug;
		};
		C4F550F82357A9FC0087E42F /* Release */ = {
			isa = XCBuildConfiguration;
			buildSettings = {
				ALWAYS_SEARCH_USER_PATHS = NO;
				CLANG_ANALYZER_NONNULL = YES;
				CLANG_ANALYZER_NUMBER_OBJECT_CONVERSION = YES_AGGRESSIVE;
				CLANG_CXX_LANGUAGE_STANDARD = "gnu++14";
				CLANG_CXX_LIBRARY = "libc++";
				CLANG_ENABLE_MODULES = YES;
				CLANG_ENABLE_OBJC_ARC = YES;
				CLANG_ENABLE_OBJC_WEAK = YES;
				CLANG_WARN_BLOCK_CAPTURE_AUTORELEASING = YES;
				CLANG_WARN_BOOL_CONVERSION = YES;
				CLANG_WARN_COMMA = YES;
				CLANG_WARN_CONSTANT_CONVERSION = YES;
				CLANG_WARN_DEPRECATED_OBJC_IMPLEMENTATIONS = YES;
				CLANG_WARN_DIRECT_OBJC_ISA_USAGE = YES_ERROR;
				CLANG_WARN_DOCUMENTATION_COMMENTS = YES;
				CLANG_WARN_EMPTY_BODY = YES;
				CLANG_WARN_ENUM_CONVERSION = YES;
				CLANG_WARN_INFINITE_RECURSION = YES;
				CLANG_WARN_INT_CONVERSION = YES;
				CLANG_WARN_NON_LITERAL_NULL_CONVERSION = YES;
				CLANG_WARN_OBJC_IMPLICIT_RETAIN_SELF = YES;
				CLANG_WARN_OBJC_LITERAL_CONVERSION = YES;
				CLANG_WARN_OBJC_ROOT_CLASS = YES_ERROR;
				CLANG_WARN_RANGE_LOOP_ANALYSIS = YES;
				CLANG_WARN_STRICT_PROTOTYPES = YES;
				CLANG_WARN_SUSPICIOUS_MOVE = YES;
				CLANG_WARN_UNGUARDED_AVAILABILITY = YES_AGGRESSIVE;
				CLANG_WARN_UNREACHABLE_CODE = YES;
				CLANG_WARN__DUPLICATE_METHOD_MATCH = YES;
				CODE_SIGN_IDENTITY = "iPhone Developer";
				COPY_PHASE_STRIP = NO;
				DEBUG_INFORMATION_FORMAT = "dwarf-with-dsym";
				ENABLE_NS_ASSERTIONS = NO;
				ENABLE_STRICT_OBJC_MSGSEND = YES;
				GCC_C_LANGUAGE_STANDARD = gnu11;
				GCC_NO_COMMON_BLOCKS = YES;
				GCC_WARN_64_TO_32_BIT_CONVERSION = YES;
				GCC_WARN_ABOUT_RETURN_TYPE = YES_ERROR;
				GCC_WARN_UNDECLARED_SELECTOR = YES;
				GCC_WARN_UNINITIALIZED_AUTOS = YES_AGGRESSIVE;
				GCC_WARN_UNUSED_FUNCTION = YES;
				GCC_WARN_UNUSED_VARIABLE = YES;
				IPHONEOS_DEPLOYMENT_TARGET = 11.4;
				MTL_ENABLE_DEBUG_INFO = NO;
				SDKROOT = iphoneos;
				SWIFT_COMPILATION_MODE = wholemodule;
				SWIFT_OPTIMIZATION_LEVEL = "-O";
				VALIDATE_PRODUCT = YES;
			};
			name = Release;
		};
		C4F550FA2357A9FC0087E42F /* Debug */ = {
			isa = XCBuildConfiguration;
			buildSettings = {
				ASSETCATALOG_COMPILER_APPICON_NAME = AppIcon;
				CODE_SIGN_STYLE = Automatic;
				INFOPLIST_FILE = ex00/Info.plist;
				LD_RUNPATH_SEARCH_PATHS = (
					"$(inherited)",
					"@executable_path/Frameworks",
				);
				PRODUCT_BUNDLE_IDENTIFIER = "mbutt-student.42.us.org.ex00";
				PRODUCT_NAME = "$(TARGET_NAME)";
				SWIFT_VERSION = 4.0;
				TARGETED_DEVICE_FAMILY = "1,2";
			};
			name = Debug;
		};
		C4F550FB2357A9FC0087E42F /* Release */ = {
			isa = XCBuildConfiguration;
			buildSettings = {
				ASSETCATALOG_COMPILER_APPICON_NAME = AppIcon;
				CODE_SIGN_STYLE = Automatic;
				INFOPLIST_FILE = ex00/Info.plist;
				LD_RUNPATH_SEARCH_PATHS = (
					"$(inherited)",
					"@executable_path/Frameworks",
				);
				PRODUCT_BUNDLE_IDENTIFIER = "mbutt-student.42.us.org.ex00";
				PRODUCT_NAME = "$(TARGET_NAME)";
				SWIFT_VERSION = 4.0;
				TARGETED_DEVICE_FAMILY = "1,2";
			};
			name = Release;
		};
		C4F550FD2357A9FC0087E42F /* Debug */ = {
			isa = XCBuildConfiguration;
			buildSettings = {
				ALWAYS_EMBED_SWIFT_STANDARD_LIBRARIES = YES;
				BUNDLE_LOADER = "$(TEST_HOST)";
				CODE_SIGN_STYLE = Automatic;
				INFOPLIST_FILE = ex00Tests/Info.plist;
				LD_RUNPATH_SEARCH_PATHS = (
					"$(inherited)",
					"@executable_path/Frameworks",
					"@loader_path/Frameworks",
				);
				PRODUCT_BUNDLE_IDENTIFIER = "mbutt-student.42.us.org.ex00Tests";
				PRODUCT_NAME = "$(TARGET_NAME)";
				SWIFT_VERSION = 4.0;
				TARGETED_DEVICE_FAMILY = "1,2";
				TEST_HOST = "$(BUILT_PRODUCTS_DIR)/ex00.app/ex00";
			};
			name = Debug;
		};
		C4F550FE2357A9FC0087E42F /* Release */ = {
			isa = XCBuildConfiguration;
			buildSettings = {
				ALWAYS_EMBED_SWIFT_STANDARD_LIBRARIES = YES;
				BUNDLE_LOADER = "$(TEST_HOST)";
				CODE_SIGN_STYLE = Automatic;
				INFOPLIST_FILE = ex00Tests/Info.plist;
				LD_RUNPATH_SEARCH_PATHS = (
					"$(inherited)",
					"@executable_path/Frameworks",
					"@loader_path/Frameworks",
				);
				PRODUCT_BUNDLE_IDENTIFIER = "mbutt-student.42.us.org.ex00Tests";
				PRODUCT_NAME = "$(TARGET_NAME)";
				SWIFT_VERSION = 4.0;
				TARGETED_DEVICE_FAMILY = "1,2";
				TEST_HOST = "$(BUILT_PRODUCTS_DIR)/ex00.app/ex00";
			};
			name = Release;
		};
		C4F551002357A9FC0087E42F /* Debug */ = {
			isa = XCBuildConfiguration;
			buildSettings = {
				ALWAYS_EMBED_SWIFT_STANDARD_LIBRARIES = YES;
				CODE_SIGN_STYLE = Automatic;
				INFOPLIST_FILE = ex00UITests/Info.plist;
				LD_RUNPATH_SEARCH_PATHS = (
					"$(inherited)",
					"@executable_path/Frameworks",
					"@loader_path/Frameworks",
				);
				PRODUCT_BUNDLE_IDENTIFIER = "mbutt-student.42.us.org.ex00UITests";
				PRODUCT_NAME = "$(TARGET_NAME)";
				SWIFT_VERSION = 4.0;
				TARGETED_DEVICE_FAMILY = "1,2";
				TEST_TARGET_NAME = ex00;
			};
			name = Debug;
		};
		C4F551012357A9FC0087E42F /* Release */ = {
			isa = XCBuildConfiguration;
			buildSettings = {
				ALWAYS_EMBED_SWIFT_STANDARD_LIBRARIES = YES;
				CODE_SIGN_STYLE = Automatic;
				INFOPLIST_FILE = ex00UITests/Info.plist;
				LD_RUNPATH_SEARCH_PATHS = (
					"$(inherited)",
					"@executable_path/Frameworks",
					"@loader_path/Frameworks",
				);
				PRODUCT_BUNDLE_IDENTIFIER = "mbutt-student.42.us.org.ex00UITests";
				PRODUCT_NAME = "$(TARGET_NAME)";
				SWIFT_VERSION = 4.0;
				TARGETED_DEVICE_FAMILY = "1,2";
				TEST_TARGET_NAME = ex00;
			};
			name = Release;
		};
/* End XCBuildConfiguration section */

/* Begin XCConfigurationList section */
		C4F550CC2357A9FB0087E42F /* Build configuration list for PBXProject "ex00" */ = {
			isa = XCConfigurationList;
			buildConfigurations = (
				C4F550F72357A9FC0087E42F /* Debug */,
				C4F550F82357A9FC0087E42F /* Release */,
			);
			defaultConfigurationIsVisible = 0;
			defaultConfigurationName = Release;
		};
		C4F550F92357A9FC0087E42F /* Build configuration list for PBXNativeTarget "ex00" */ = {
			isa = XCConfigurationList;
			buildConfigurations = (
				C4F550FA2357A9FC0087E42F /* Debug */,
				C4F550FB2357A9FC0087E42F /* Release */,
			);
			defaultConfigurationIsVisible = 0;
			defaultConfigurationName = Release;
		};
		C4F550FC2357A9FC0087E42F /* Build configuration list for PBXNativeTarget "ex00Tests" */ = {
			isa = XCConfigurationList;
			buildConfigurations = (
				C4F550FD2357A9FC0087E42F /* Debug */,
				C4F550FE2357A9FC0087E42F /* Release */,
			);
			defaultConfigurationIsVisible = 0;
			defaultConfigurationName = Release;
		};
		C4F550FF2357A9FC0087E42F /* Build configuration list for PBXNativeTarget "ex00UITests" */ = {
			isa = XCConfigurationList;
			buildConfigurations = (
				C4F551002357A9FC0087E42F /* Debug */,
				C4F551012357A9FC0087E42F /* Release */,
			);
			defaultConfigurationIsVisible = 0;
			defaultConfigurationName = Release;
		};
/* End XCConfigurationList section */
	};
	rootObject = C4F550C92357A9FB0087E42F /* Project object */;
}
