// !$*UTF8*$!
{
	archiveVersion = 1;
	classes = {
	};
	objectVersion = 50;
	objects = {

/* Begin PBXBuildFile section */
		C427B72B2356744F004F62D6 /* AppDelegate.swift in Sources */ = {isa = PBXBuildFile; fileRef = C427B72A2356744F004F62D6 /* AppDelegate.swift */; };
		C427B72D2356744F004F62D6 /* ViewController.swift in Sources */ = {isa = PBXBuildFile; fileRef = C427B72C2356744F004F62D6 /* ViewController.swift */; };
		C427B7302356744F004F62D6 /* Main.storyboard in Resources */ = {isa = PBXBuildFile; fileRef = C427B72E2356744F004F62D6 /* Main.storyboard */; };
		C427B73223567450004F62D6 /* Assets.xcassets in Resources */ = {isa = PBXBuildFile; fileRef = C427B73123567450004F62D6 /* Assets.xcassets */; };
		C427B73523567450004F62D6 /* LaunchScreen.storyboard in Resources */ = {isa = PBXBuildFile; fileRef = C427B73323567450004F62D6 /* LaunchScreen.storyboard */; };
		C427B74023567450004F62D6 /* ex00StopwatchTests.swift in Sources */ = {isa = PBXBuildFile; fileRef = C427B73F23567450004F62D6 /* ex00StopwatchTests.swift */; };
		C427B74B23567450004F62D6 /* ex00StopwatchUITests.swift in Sources */ = {isa = PBXBuildFile; fileRef = C427B74A23567450004F62D6 /* ex00StopwatchUITests.swift */; };
/* End PBXBuildFile section */

/* Begin PBXContainerItemProxy section */
		C427B73C23567450004F62D6 /* PBXContainerItemProxy */ = {
			isa = PBXContainerItemProxy;
			containerPortal = C427B71F2356744F004F62D6 /* Project object */;
			proxyType = 1;
			remoteGlobalIDString = C427B7262356744F004F62D6;
			remoteInfo = ex00Stopwatch;
		};
		C427B74723567450004F62D6 /* PBXContainerItemProxy */ = {
			isa = PBXContainerItemProxy;
			containerPortal = C427B71F2356744F004F62D6 /* Project object */;
			proxyType = 1;
			remoteGlobalIDString = C427B7262356744F004F62D6;
			remoteInfo = ex00Stopwatch;
		};
/* End PBXContainerItemProxy section */

/* Begin PBXFileReference section */
		C427B7272356744F004F62D6 /* ex00Stopwatch.app */ = {isa = PBXFileReference; explicitFileType = wrapper.application; includeInIndex = 0; path = ex00Stopwatch.app; sourceTree = BUILT_PRODUCTS_DIR; };
		C427B72A2356744F004F62D6 /* AppDelegate.swift */ = {isa = PBXFileReference; lastKnownFileType = sourcecode.swift; path = AppDelegate.swift; sourceTree = "<group>"; };
		C427B72C2356744F004F62D6 /* ViewController.swift */ = {isa = PBXFileReference; lastKnownFileType = sourcecode.swift; path = ViewController.swift; sourceTree = "<group>"; };
		C427B72F2356744F004F62D6 /* Base */ = {isa = PBXFileReference; lastKnownFileType = file.storyboard; name = Base; path = Base.lproj/Main.storyboard; sourceTree = "<group>"; };
		C427B73123567450004F62D6 /* Assets.xcassets */ = {isa = PBXFileReference; lastKnownFileType = folder.assetcatalog; path = Assets.xcassets; sourceTree = "<group>"; };
		C427B73423567450004F62D6 /* Base */ = {isa = PBXFileReference; lastKnownFileType = file.storyboard; name = Base; path = Base.lproj/LaunchScreen.storyboard; sourceTree = "<group>"; };
		C427B73623567450004F62D6 /* Info.plist */ = {isa = PBXFileReference; lastKnownFileType = text.plist.xml; path = Info.plist; sourceTree = "<group>"; };
		C427B73B23567450004F62D6 /* ex00StopwatchTests.xctest */ = {isa = PBXFileReference; explicitFileType = wrapper.cfbundle; includeInIndex = 0; path = ex00StopwatchTests.xctest; sourceTree = BUILT_PRODUCTS_DIR; };
		C427B73F23567450004F62D6 /* ex00StopwatchTests.swift */ = {isa = PBXFileReference; lastKnownFileType = sourcecode.swift; path = ex00StopwatchTests.swift; sourceTree = "<group>"; };
		C427B74123567450004F62D6 /* Info.plist */ = {isa = PBXFileReference; lastKnownFileType = text.plist.xml; path = Info.plist; sourceTree = "<group>"; };
		C427B74623567450004F62D6 /* ex00StopwatchUITests.xctest */ = {isa = PBXFileReference; explicitFileType = wrapper.cfbundle; includeInIndex = 0; path = ex00StopwatchUITests.xctest; sourceTree = BUILT_PRODUCTS_DIR; };
		C427B74A23567450004F62D6 /* ex00StopwatchUITests.swift */ = {isa = PBXFileReference; lastKnownFileType = sourcecode.swift; path = ex00StopwatchUITests.swift; sourceTree = "<group>"; };
		C427B74C23567451004F62D6 /* Info.plist */ = {isa = PBXFileReference; lastKnownFileType = text.plist.xml; path = Info.plist; sourceTree = "<group>"; };
/* End PBXFileReference section */

/* Begin PBXFrameworksBuildPhase section */
		C427B7242356744F004F62D6 /* Frameworks */ = {
			isa = PBXFrameworksBuildPhase;
			buildActionMask = 2147483647;
			files = (
			);
			runOnlyForDeploymentPostprocessing = 0;
		};
		C427B73823567450004F62D6 /* Frameworks */ = {
			isa = PBXFrameworksBuildPhase;
			buildActionMask = 2147483647;
			files = (
			);
			runOnlyForDeploymentPostprocessing = 0;
		};
		C427B74323567450004F62D6 /* Frameworks */ = {
			isa = PBXFrameworksBuildPhase;
			buildActionMask = 2147483647;
			files = (
			);
			runOnlyForDeploymentPostprocessing = 0;
		};
/* End PBXFrameworksBuildPhase section */

/* Begin PBXGroup section */
		C427B71E2356744F004F62D6 = {
			isa = PBXGroup;
			children = (
				C427B7292356744F004F62D6 /* ex00Stopwatch */,
				C427B73E23567450004F62D6 /* ex00StopwatchTests */,
				C427B74923567450004F62D6 /* ex00StopwatchUITests */,
				C427B7282356744F004F62D6 /* Products */,
			);
			sourceTree = "<group>";
		};
		C427B7282356744F004F62D6 /* Products */ = {
			isa = PBXGroup;
			children = (
				C427B7272356744F004F62D6 /* ex00Stopwatch.app */,
				C427B73B23567450004F62D6 /* ex00StopwatchTests.xctest */,
				C427B74623567450004F62D6 /* ex00StopwatchUITests.xctest */,
			);
			name = Products;
			sourceTree = "<group>";
		};
		C427B7292356744F004F62D6 /* ex00Stopwatch */ = {
			isa = PBXGroup;
			children = (
				C427B7582356746B004F62D6 /* supportingFiles */,
				C427B72C2356744F004F62D6 /* ViewController.swift */,
				C427B72E2356744F004F62D6 /* Main.storyboard */,
				C427B73623567450004F62D6 /* Info.plist */,
			);
			path = ex00Stopwatch;
			sourceTree = "<group>";
		};
		C427B73E23567450004F62D6 /* ex00StopwatchTests */ = {
			isa = PBXGroup;
			children = (
				C427B73F23567450004F62D6 /* ex00StopwatchTests.swift */,
				C427B74123567450004F62D6 /* Info.plist */,
			);
			path = ex00StopwatchTests;
			sourceTree = "<group>";
		};
		C427B74923567450004F62D6 /* ex00StopwatchUITests */ = {
			isa = PBXGroup;
			children = (
				C427B74A23567450004F62D6 /* ex00StopwatchUITests.swift */,
				C427B74C23567451004F62D6 /* Info.plist */,
			);
			path = ex00StopwatchUITests;
			sourceTree = "<group>";
		};
		C427B7582356746B004F62D6 /* supportingFiles */ = {
			isa = PBXGroup;
			children = (
				C427B72A2356744F004F62D6 /* AppDelegate.swift */,
				C427B73123567450004F62D6 /* Assets.xcassets */,
				C427B73323567450004F62D6 /* LaunchScreen.storyboard */,
			);
			path = supportingFiles;
			sourceTree = "<group>";
		};
/* End PBXGroup section */

/* Begin PBXNativeTarget section */
		C427B7262356744F004F62D6 /* ex00Stopwatch */ = {
			isa = PBXNativeTarget;
			buildConfigurationList = C427B74F23567451004F62D6 /* Build configuration list for PBXNativeTarget "ex00Stopwatch" */;
			buildPhases = (
				C427B7232356744F004F62D6 /* Sources */,
				C427B7242356744F004F62D6 /* Frameworks */,
				C427B7252356744F004F62D6 /* Resources */,
			);
			buildRules = (
			);
			dependencies = (
			);
			name = ex00Stopwatch;
			productName = ex00Stopwatch;
			productReference = C427B7272356744F004F62D6 /* ex00Stopwatch.app */;
			productType = "com.apple.product-type.application";
		};
		C427B73A23567450004F62D6 /* ex00StopwatchTests */ = {
			isa = PBXNativeTarget;
			buildConfigurationList = C427B75223567451004F62D6 /* Build configuration list for PBXNativeTarget "ex00StopwatchTests" */;
			buildPhases = (
				C427B73723567450004F62D6 /* Sources */,
				C427B73823567450004F62D6 /* Frameworks */,
				C427B73923567450004F62D6 /* Resources */,
			);
			buildRules = (
			);
			dependencies = (
				C427B73D23567450004F62D6 /* PBXTargetDependency */,
			);
			name = ex00StopwatchTests;
			productName = ex00StopwatchTests;
			productReference = C427B73B23567450004F62D6 /* ex00StopwatchTests.xctest */;
			productType = "com.apple.product-type.bundle.unit-test";
		};
		C427B74523567450004F62D6 /* ex00StopwatchUITests */ = {
			isa = PBXNativeTarget;
			buildConfigurationList = C427B75523567451004F62D6 /* Build configuration list for PBXNativeTarget "ex00StopwatchUITests" */;
			buildPhases = (
				C427B74223567450004F62D6 /* Sources */,
				C427B74323567450004F62D6 /* Frameworks */,
				C427B74423567450004F62D6 /* Resources */,
			);
			buildRules = (
			);
			dependencies = (
				C427B74823567450004F62D6 /* PBXTargetDependency */,
			);
			name = ex00StopwatchUITests;
			productName = ex00StopwatchUITests;
			productReference = C427B74623567450004F62D6 /* ex00StopwatchUITests.xctest */;
			productType = "com.apple.product-type.bundle.ui-testing";
		};
/* End PBXNativeTarget section */

/* Begin PBXProject section */
		C427B71F2356744F004F62D6 /* Project object */ = {
			isa = PBXProject;
			attributes = {
				LastSwiftUpdateCheck = 0940;
				LastUpgradeCheck = 0940;
				ORGANIZATIONNAME = "Mohammad Butt";
				TargetAttributes = {
					C427B7262356744F004F62D6 = {
						CreatedOnToolsVersion = 9.4.1;
					};
					C427B73A23567450004F62D6 = {
						CreatedOnToolsVersion = 9.4.1;
						TestTargetID = C427B7262356744F004F62D6;
					};
					C427B74523567450004F62D6 = {
						CreatedOnToolsVersion = 9.4.1;
						TestTargetID = C427B7262356744F004F62D6;
					};
				};
			};
			buildConfigurationList = C427B7222356744F004F62D6 /* Build configuration list for PBXProject "ex00Stopwatch" */;
			compatibilityVersion = "Xcode 9.3";
			developmentRegion = en;
			hasScannedForEncodings = 0;
			knownRegions = (
				en,
				Base,
			);
			mainGroup = C427B71E2356744F004F62D6;
			productRefGroup = C427B7282356744F004F62D6 /* Products */;
			projectDirPath = "";
			projectRoot = "";
			targets = (
				C427B7262356744F004F62D6 /* ex00Stopwatch */,
				C427B73A23567450004F62D6 /* ex00StopwatchTests */,
				C427B74523567450004F62D6 /* ex00StopwatchUITests */,
			);
		};
/* End PBXProject section */

/* Begin PBXResourcesBuildPhase section */
		C427B7252356744F004F62D6 /* Resources */ = {
			isa = PBXResourcesBuildPhase;
			buildActionMask = 2147483647;
			files = (
				C427B73523567450004F62D6 /* LaunchScreen.storyboard in Resources */,
				C427B73223567450004F62D6 /* Assets.xcassets in Resources */,
				C427B7302356744F004F62D6 /* Main.storyboard in Resources */,
			);
			runOnlyForDeploymentPostprocessing = 0;
		};
		C427B73923567450004F62D6 /* Resources */ = {
			isa = PBXResourcesBuildPhase;
			buildActionMask = 2147483647;
			files = (
			);
			runOnlyForDeploymentPostprocessing = 0;
		};
		C427B74423567450004F62D6 /* Resources */ = {
			isa = PBXResourcesBuildPhase;
			buildActionMask = 2147483647;
			files = (
			);
			runOnlyForDeploymentPostprocessing = 0;
		};
/* End PBXResourcesBuildPhase section */

/* Begin PBXSourcesBuildPhase section */
		C427B7232356744F004F62D6 /* Sources */ = {
			isa = PBXSourcesBuildPhase;
			buildActionMask = 2147483647;
			files = (
				C427B72D2356744F004F62D6 /* ViewController.swift in Sources */,
				C427B72B2356744F004F62D6 /* AppDelegate.swift in Sources */,
			);
			runOnlyForDeploymentPostprocessing = 0;
		};
		C427B73723567450004F62D6 /* Sources */ = {
			isa = PBXSourcesBuildPhase;
			buildActionMask = 2147483647;
			files = (
				C427B74023567450004F62D6 /* ex00StopwatchTests.swift in Sources */,
			);
			runOnlyForDeploymentPostprocessing = 0;
		};
		C427B74223567450004F62D6 /* Sources */ = {
			isa = PBXSourcesBuildPhase;
			buildActionMask = 2147483647;
			files = (
				C427B74B23567450004F62D6 /* ex00StopwatchUITests.swift in Sources */,
			);
			runOnlyForDeploymentPostprocessing = 0;
		};
/* End PBXSourcesBuildPhase section */

/* Begin PBXTargetDependency section */
		C427B73D23567450004F62D6 /* PBXTargetDependency */ = {
			isa = PBXTargetDependency;
			target = C427B7262356744F004F62D6 /* ex00Stopwatch */;
			targetProxy = C427B73C23567450004F62D6 /* PBXContainerItemProxy */;
		};
		C427B74823567450004F62D6 /* PBXTargetDependency */ = {
			isa = PBXTargetDependency;
			target = C427B7262356744F004F62D6 /* ex00Stopwatch */;
			targetProxy = C427B74723567450004F62D6 /* PBXContainerItemProxy */;
		};
/* End PBXTargetDependency section */

/* Begin PBXVariantGroup section */
		C427B72E2356744F004F62D6 /* Main.storyboard */ = {
			isa = PBXVariantGroup;
			children = (
				C427B72F2356744F004F62D6 /* Base */,
			);
			name = Main.storyboard;
			sourceTree = "<group>";
		};
		C427B73323567450004F62D6 /* LaunchScreen.storyboard */ = {
			isa = PBXVariantGroup;
			children = (
				C427B73423567450004F62D6 /* Base */,
			);
			name = LaunchScreen.storyboard;
			sourceTree = "<group>";
		};
/* End PBXVariantGroup section */

/* Begin XCBuildConfiguration section */
		C427B74D23567451004F62D6 /* Debug */ = {
			isa = XCBuildConfiguration;
			buildSettings = {
				ALWAYS_SEARCH_USER_PATHS = NO;
				CLANG_ANALYZER_NONNULL = YES;
				CLANG_ANALYZER_NUMBER_OBJECT_CONVERSION = YES_AGGRESSIVE;
				CLANG_CXX_LANGUAGE_STANDARD = "gnu++14";
				CLANG_CXX_LIBRARY = "libc++";
				CLANG_ENABLE_MODULES = YES;
				CLANG_ENABLE_OBJC_ARC = YES;
				CLANG_ENABLE_OBJC_WEAK = YES;
				CLANG_WARN_BLOCK_CAPTURE_AUTORELEASING = YES;
				CLANG_WARN_BOOL_CONVERSION = YES;
				CLANG_WARN_COMMA = YES;
				CLANG_WARN_CONSTANT_CONVERSION = YES;
				CLANG_WARN_DEPRECATED_OBJC_IMPLEMENTATIONS = YES;
				CLANG_WARN_DIRECT_OBJC_ISA_USAGE = YES_ERROR;
				CLANG_WARN_DOCUMENTATION_COMMENTS = YES;
				CLANG_WARN_EMPTY_BODY = YES;
				CLANG_WARN_ENUM_CONVERSION = YES;
				CLANG_WARN_INFINITE_RECURSION = YES;
				CLANG_WARN_INT_CONVERSION = YES;
				CLANG_WARN_NON_LITERAL_NULL_CONVERSION = YES;
				CLANG_WARN_OBJC_IMPLICIT_RETAIN_SELF = YES;
				CLANG_WARN_OBJC_LITERAL_CONVERSION = YES;
				CLANG_WARN_OBJC_ROOT_CLASS = YES_ERROR;
				CLANG_WARN_RANGE_LOOP_ANALYSIS = YES;
				CLANG_WARN_STRICT_PROTOTYPES = YES;
				CLANG_WARN_SUSPICIOUS_MOVE = YES;
				CLANG_WARN_UNGUARDED_AVAILABILITY = YES_AGGRESSIVE;
				CLANG_WARN_UNREACHABLE_CODE = YES;
				CLANG_WARN__DUPLICATE_METHOD_MATCH = YES;
				CODE_SIGN_IDENTITY = "iPhone Developer";
				COPY_PHASE_STRIP = NO;
				DEBUG_INFORMATION_FORMAT = dwarf;
				ENABLE_STRICT_OBJC_MSGSEND = YES;
				ENABLE_TESTABILITY = YES;
				GCC_C_LANGUAGE_STANDARD = gnu11;
				GCC_DYNAMIC_NO_PIC = NO;
				GCC_NO_COMMON_BLOCKS = YES;
				GCC_OPTIMIZATION_LEVEL = 0;
				GCC_PREPROCESSOR_DEFINITIONS = (
					"DEBUG=1",
					"$(inherited)",
				);
				GCC_WARN_64_TO_32_BIT_CONVERSION = YES;
				GCC_WARN_ABOUT_RETURN_TYPE = YES_ERROR;
				GCC_WARN_UNDECLARED_SELECTOR = YES;
				GCC_WARN_UNINITIALIZED_AUTOS = YES_AGGRESSIVE;
				GCC_WARN_UNUSED_FUNCTION = YES;
				GCC_WARN_UNUSED_VARIABLE = YES;
				IPHONEOS_DEPLOYMENT_TARGET = 11.4;
				MTL_ENABLE_DEBUG_INFO = YES;
				ONLY_ACTIVE_ARCH = YES;
				SDKROOT = iphoneos;
				SWIFT_ACTIVE_COMPILATION_CONDITIONS = DEBUG;
				SWIFT_OPTIMIZATION_LEVEL = "-Onone";
			};
			name = Debug;
		};
		C427B74E23567451004F62D6 /* Release */ = {
			isa = XCBuildConfiguration;
			buildSettings = {
				ALWAYS_SEARCH_USER_PATHS = NO;
				CLANG_ANALYZER_NONNULL = YES;
				CLANG_ANALYZER_NUMBER_OBJECT_CONVERSION = YES_AGGRESSIVE;
				CLANG_CXX_LANGUAGE_STANDARD = "gnu++14";
				CLANG_CXX_LIBRARY = "libc++";
				CLANG_ENABLE_MODULES = YES;
				CLANG_ENABLE_OBJC_ARC = YES;
				CLANG_ENABLE_OBJC_WEAK = YES;
				CLANG_WARN_BLOCK_CAPTURE_AUTORELEASING = YES;
				CLANG_WARN_BOOL_CONVERSION = YES;
				CLANG_WARN_COMMA = YES;
				CLANG_WARN_CONSTANT_CONVERSION = YES;
				CLANG_WARN_DEPRECATED_OBJC_IMPLEMENTATIONS = YES;
				CLANG_WARN_DIRECT_OBJC_ISA_USAGE = YES_ERROR;
				CLANG_WARN_DOCUMENTATION_COMMENTS = YES;
				CLANG_WARN_EMPTY_BODY = YES;
				CLANG_WARN_ENUM_CONVERSION = YES;
				CLANG_WARN_INFINITE_RECURSION = YES;
				CLANG_WARN_INT_CONVERSION = YES;
				CLANG_WARN_NON_LITERAL_NULL_CONVERSION = YES;
				CLANG_WARN_OBJC_IMPLICIT_RETAIN_SELF = YES;
				CLANG_WARN_OBJC_LITERAL_CONVERSION = YES;
				CLANG_WARN_OBJC_ROOT_CLASS = YES_ERROR;
				CLANG_WARN_RANGE_LOOP_ANALYSIS = YES;
				CLANG_WARN_STRICT_PROTOTYPES = YES;
				CLANG_WARN_SUSPICIOUS_MOVE = YES;
				CLANG_WARN_UNGUARDED_AVAILABILITY = YES_AGGRESSIVE;
				CLANG_WARN_UNREACHABLE_CODE = YES;
				CLANG_WARN__DUPLICATE_METHOD_MATCH = YES;
				CODE_SIGN_IDENTITY = "iPhone Developer";
				COPY_PHASE_STRIP = NO;
				DEBUG_INFORMATION_FORMAT = "dwarf-with-dsym";
				ENABLE_NS_ASSERTIONS = NO;
				ENABLE_STRICT_OBJC_MSGSEND = YES;
				GCC_C_LANGUAGE_STANDARD = gnu11;
				GCC_NO_COMMON_BLOCKS = YES;
				GCC_WARN_64_TO_32_BIT_CONVERSION = YES;
				GCC_WARN_ABOUT_RETURN_TYPE = YES_ERROR;
				GCC_WARN_UNDECLARED_SELECTOR = YES;
				GCC_WARN_UNINITIALIZED_AUTOS = YES_AGGRESSIVE;
				GCC_WARN_UNUSED_FUNCTION = YES;
				GCC_WARN_UNUSED_VARIABLE = YES;
				IPHONEOS_DEPLOYMENT_TARGET = 11.4;
				MTL_ENABLE_DEBUG_INFO = NO;
				SDKROOT = iphoneos;
				SWIFT_COMPILATION_MODE = wholemodule;
				SWIFT_OPTIMIZATION_LEVEL = "-O";
				VALIDATE_PRODUCT = YES;
			};
			name = Release;
		};
		C427B75023567451004F62D6 /* Debug */ = {
			isa = XCBuildConfiguration;
			buildSettings = {
				ASSETCATALOG_COMPILER_APPICON_NAME = AppIcon;
				CODE_SIGN_STYLE = Automatic;
				INFOPLIST_FILE = ex00Stopwatch/Info.plist;
				LD_RUNPATH_SEARCH_PATHS = (
					"$(inherited)",
					"@executable_path/Frameworks",
				);
				PRODUCT_BUNDLE_IDENTIFIER = "mbutt-student.42.us.org.ex00Stopwatch";
				PRODUCT_NAME = "$(TARGET_NAME)";
				SWIFT_VERSION = 4.0;
				TARGETED_DEVICE_FAMILY = "1,2";
			};
			name = Debug;
		};
		C427B75123567451004F62D6 /* Release */ = {
			isa = XCBuildConfiguration;
			buildSettings = {
				ASSETCATALOG_COMPILER_APPICON_NAME = AppIcon;
				CODE_SIGN_STYLE = Automatic;
				INFOPLIST_FILE = ex00Stopwatch/Info.plist;
				LD_RUNPATH_SEARCH_PATHS = (
					"$(inherited)",
					"@executable_path/Frameworks",
				);
				PRODUCT_BUNDLE_IDENTIFIER = "mbutt-student.42.us.org.ex00Stopwatch";
				PRODUCT_NAME = "$(TARGET_NAME)";
				SWIFT_VERSION = 4.0;
				TARGETED_DEVICE_FAMILY = "1,2";
			};
			name = Release;
		};
		C427B75323567451004F62D6 /* Debug */ = {
			isa = XCBuildConfiguration;
			buildSettings = {
				ALWAYS_EMBED_SWIFT_STANDARD_LIBRARIES = YES;
				BUNDLE_LOADER = "$(TEST_HOST)";
				CODE_SIGN_STYLE = Automatic;
				INFOPLIST_FILE = ex00StopwatchTests/Info.plist;
				LD_RUNPATH_SEARCH_PATHS = (
					"$(inherited)",
					"@executable_path/Frameworks",
					"@loader_path/Frameworks",
				);
				PRODUCT_BUNDLE_IDENTIFIER = "mbutt-student.42.us.org.ex00StopwatchTests";
				PRODUCT_NAME = "$(TARGET_NAME)";
				SWIFT_VERSION = 4.0;
				TARGETED_DEVICE_FAMILY = "1,2";
				TEST_HOST = "$(BUILT_PRODUCTS_DIR)/ex00Stopwatch.app/ex00Stopwatch";
			};
			name = Debug;
		};
		C427B75423567451004F62D6 /* Release */ = {
			isa = XCBuildConfiguration;
			buildSettings = {
				ALWAYS_EMBED_SWIFT_STANDARD_LIBRARIES = YES;
				BUNDLE_LOADER = "$(TEST_HOST)";
				CODE_SIGN_STYLE = Automatic;
				INFOPLIST_FILE = ex00StopwatchTests/Info.plist;
				LD_RUNPATH_SEARCH_PATHS = (
					"$(inherited)",
					"@executable_path/Frameworks",
					"@loader_path/Frameworks",
				);
				PRODUCT_BUNDLE_IDENTIFIER = "mbutt-student.42.us.org.ex00StopwatchTests";
				PRODUCT_NAME = "$(TARGET_NAME)";
				SWIFT_VERSION = 4.0;
				TARGETED_DEVICE_FAMILY = "1,2";
				TEST_HOST = "$(BUILT_PRODUCTS_DIR)/ex00Stopwatch.app/ex00Stopwatch";
			};
			name = Release;
		};
		C427B75623567451004F62D6 /* Debug */ = {
			isa = XCBuildConfiguration;
			buildSettings = {
				ALWAYS_EMBED_SWIFT_STANDARD_LIBRARIES = YES;
				CODE_SIGN_STYLE = Automatic;
				INFOPLIST_FILE = ex00StopwatchUITests/Info.plist;
				LD_RUNPATH_SEARCH_PATHS = (
					"$(inherited)",
					"@executable_path/Frameworks",
					"@loader_path/Frameworks",
				);
				PRODUCT_BUNDLE_IDENTIFIER = "mbutt-student.42.us.org.ex00StopwatchUITests";
				PRODUCT_NAME = "$(TARGET_NAME)";
				SWIFT_VERSION = 4.0;
				TARGETED_DEVICE_FAMILY = "1,2";
				TEST_TARGET_NAME = ex00Stopwatch;
			};
			name = Debug;
		};
		C427B75723567451004F62D6 /* Release */ = {
			isa = XCBuildConfiguration;
			buildSettings = {
				ALWAYS_EMBED_SWIFT_STANDARD_LIBRARIES = YES;
				CODE_SIGN_STYLE = Automatic;
				INFOPLIST_FILE = ex00StopwatchUITests/Info.plist;
				LD_RUNPATH_SEARCH_PATHS = (
					"$(inherited)",
					"@executable_path/Frameworks",
					"@loader_path/Frameworks",
				);
				PRODUCT_BUNDLE_IDENTIFIER = "mbutt-student.42.us.org.ex00StopwatchUITests";
				PRODUCT_NAME = "$(TARGET_NAME)";
				SWIFT_VERSION = 4.0;
				TARGETED_DEVICE_FAMILY = "1,2";
				TEST_TARGET_NAME = ex00Stopwatch;
			};
			name = Release;
		};
/* End XCBuildConfiguration section */

/* Begin XCConfigurationList section */
		C427B7222356744F004F62D6 /* Build configuration list for PBXProject "ex00Stopwatch" */ = {
			isa = XCConfigurationList;
			buildConfigurations = (
				C427B74D23567451004F62D6 /* Debug */,
				C427B74E23567451004F62D6 /* Release */,
			);
			defaultConfigurationIsVisible = 0;
			defaultConfigurationName = Release;
		};
		C427B74F23567451004F62D6 /* Build configuration list for PBXNativeTarget "ex00Stopwatch" */ = {
			isa = XCConfigurationList;
			buildConfigurations = (
				C427B75023567451004F62D6 /* Debug */,
				C427B75123567451004F62D6 /* Release */,
			);
			defaultConfigurationIsVisible = 0;
			defaultConfigurationName = Release;
		};
		C427B75223567451004F62D6 /* Build configuration list for PBXNativeTarget "ex00StopwatchTests" */ = {
			isa = XCConfigurationList;
			buildConfigurations = (
				C427B75323567451004F62D6 /* Debug */,
				C427B75423567451004F62D6 /* Release */,
			);
			defaultConfigurationIsVisible = 0;
			defaultConfigurationName = Release;
		};
		C427B75523567451004F62D6 /* Build configuration list for PBXNativeTarget "ex00StopwatchUITests" */ = {
			isa = XCConfigurationList;
			buildConfigurations = (
				C427B75623567451004F62D6 /* Debug */,
				C427B75723567451004F62D6 /* Release */,
			);
			defaultConfigurationIsVisible = 0;
			defaultConfigurationName = Release;
		};
/* End XCConfigurationList section */
	};
	rootObject = C427B71F2356744F004F62D6 /* Project object */;
}
