// !$*UTF8*$!
{
	archiveVersion = 1;
	classes = {
	};
	objectVersion = 50;
	objects = {

/* Begin PBXBuildFile section */
		C44052D623541491005A807D /* enemyBoom01.flac in Resources */ = {isa = PBXBuildFile; fileRef = C44052D523541491005A807D /* enemyBoom01.flac */; };
		C44052D823541C96005A807D /* playerBoom01.wav in Resources */ = {isa = PBXBuildFile; fileRef = C44052D723541C96005A807D /* playerBoom01.wav */; };
		C4C8A92A23551D60007A06D4 /* theboldfont.ttf in Resources */ = {isa = PBXBuildFile; fileRef = C4C8A92923551D60007A06D4 /* theboldfont.ttf */; };
		C4C8A92C2355454C007A06D4 /* GameOverScene.swift in Sources */ = {isa = PBXBuildFile; fileRef = C4C8A92B2355454C007A06D4 /* GameOverScene.swift */; };
		C4E801B023528EDA00225136 /* AppDelegate.swift in Sources */ = {isa = PBXBuildFile; fileRef = C4E801AF23528EDA00225136 /* AppDelegate.swift */; };
		C4E801B223528EDA00225136 /* GameScene.sks in Resources */ = {isa = PBXBuildFile; fileRef = C4E801B123528EDA00225136 /* GameScene.sks */; };
		C4E801B423528EDA00225136 /* Actions.sks in Resources */ = {isa = PBXBuildFile; fileRef = C4E801B323528EDA00225136 /* Actions.sks */; };
		C4E801B623528EDA00225136 /* GameScene.swift in Sources */ = {isa = PBXBuildFile; fileRef = C4E801B523528EDA00225136 /* GameScene.swift */; };
		C4E801B823528EDA00225136 /* GameViewController.swift in Sources */ = {isa = PBXBuildFile; fileRef = C4E801B723528EDA00225136 /* GameViewController.swift */; };
		C4E801BB23528EDA00225136 /* Main.storyboard in Resources */ = {isa = PBXBuildFile; fileRef = C4E801B923528EDA00225136 /* Main.storyboard */; };
		C4E801BD23528EDE00225136 /* Assets.xcassets in Resources */ = {isa = PBXBuildFile; fileRef = C4E801BC23528EDE00225136 /* Assets.xcassets */; };
		C4E801C023528EDE00225136 /* LaunchScreen.storyboard in Resources */ = {isa = PBXBuildFile; fileRef = C4E801BE23528EDE00225136 /* LaunchScreen.storyboard */; };
		C4E801CB23528EDE00225136 /* space_battle_gameTests.swift in Sources */ = {isa = PBXBuildFile; fileRef = C4E801CA23528EDE00225136 /* space_battle_gameTests.swift */; };
		C4E801D623528EDE00225136 /* space_battle_gameUITests.swift in Sources */ = {isa = PBXBuildFile; fileRef = C4E801D523528EDE00225136 /* space_battle_gameUITests.swift */; };
		C4E801E42352B45500225136 /* bulletSoundEffect00.wav in Resources */ = {isa = PBXBuildFile; fileRef = C4E801E32352B45500225136 /* bulletSoundEffect00.wav */; };
		C4E801E62352B67800225136 /* bulletSoundEffect01.wav in Resources */ = {isa = PBXBuildFile; fileRef = C4E801E52352B67800225136 /* bulletSoundEffect01.wav */; };
/* End PBXBuildFile section */

/* Begin PBXContainerItemProxy section */
		C4E801C723528EDE00225136 /* PBXContainerItemProxy */ = {
			isa = PBXContainerItemProxy;
			containerPortal = C4E801A423528EDA00225136 /* Project object */;
			proxyType = 1;
			remoteGlobalIDString = C4E801AB23528EDA00225136;
			remoteInfo = space_battle_game;
		};
		C4E801D223528EDE00225136 /* PBXContainerItemProxy */ = {
			isa = PBXContainerItemProxy;
			containerPortal = C4E801A423528EDA00225136 /* Project object */;
			proxyType = 1;
			remoteGlobalIDString = C4E801AB23528EDA00225136;
			remoteInfo = space_battle_game;
		};
/* End PBXContainerItemProxy section */

/* Begin PBXFileReference section */
		C44052D523541491005A807D /* enemyBoom01.flac */ = {isa = PBXFileReference; lastKnownFileType = file; path = enemyBoom01.flac; sourceTree = "<group>"; };
		C44052D723541C96005A807D /* playerBoom01.wav */ = {isa = PBXFileReference; lastKnownFileType = audio.wav; path = playerBoom01.wav; sourceTree = "<group>"; };
		C4C8A92923551D60007A06D4 /* theboldfont.ttf */ = {isa = PBXFileReference; lastKnownFileType = file; path = theboldfont.ttf; sourceTree = "<group>"; };
		C4C8A92B2355454C007A06D4 /* GameOverScene.swift */ = {isa = PBXFileReference; lastKnownFileType = sourcecode.swift; path = GameOverScene.swift; sourceTree = "<group>"; };
		C4E801AC23528EDA00225136 /* space_battle_game.app */ = {isa = PBXFileReference; explicitFileType = wrapper.application; includeInIndex = 0; path = space_battle_game.app; sourceTree = BUILT_PRODUCTS_DIR; };
		C4E801AF23528EDA00225136 /* AppDelegate.swift */ = {isa = PBXFileReference; lastKnownFileType = sourcecode.swift; path = AppDelegate.swift; sourceTree = "<group>"; };
		C4E801B123528EDA00225136 /* GameScene.sks */ = {isa = PBXFileReference; lastKnownFileType = file.sks; path = GameScene.sks; sourceTree = "<group>"; };
		C4E801B323528EDA00225136 /* Actions.sks */ = {isa = PBXFileReference; lastKnownFileType = file.sks; path = Actions.sks; sourceTree = "<group>"; };
		C4E801B523528EDA00225136 /* GameScene.swift */ = {isa = PBXFileReference; lastKnownFileType = sourcecode.swift; path = GameScene.swift; sourceTree = "<group>"; };
		C4E801B723528EDA00225136 /* GameViewController.swift */ = {isa = PBXFileReference; lastKnownFileType = sourcecode.swift; path = GameViewController.swift; sourceTree = "<group>"; };
		C4E801BA23528EDA00225136 /* Base */ = {isa = PBXFileReference; lastKnownFileType = file.storyboard; name = Base; path = Base.lproj/Main.storyboard; sourceTree = "<group>"; };
		C4E801BC23528EDE00225136 /* Assets.xcassets */ = {isa = PBXFileReference; lastKnownFileType = folder.assetcatalog; path = Assets.xcassets; sourceTree = "<group>"; };
		C4E801BF23528EDE00225136 /* Base */ = {isa = PBXFileReference; lastKnownFileType = file.storyboard; name = Base; path = Base.lproj/LaunchScreen.storyboard; sourceTree = "<group>"; };
		C4E801C123528EDE00225136 /* Info.plist */ = {isa = PBXFileReference; lastKnownFileType = text.plist.xml; path = Info.plist; sourceTree = "<group>"; };
		C4E801C623528EDE00225136 /* space_battle_gameTests.xctest */ = {isa = PBXFileReference; explicitFileType = wrapper.cfbundle; includeInIndex = 0; path = space_battle_gameTests.xctest; sourceTree = BUILT_PRODUCTS_DIR; };
		C4E801CA23528EDE00225136 /* space_battle_gameTests.swift */ = {isa = PBXFileReference; lastKnownFileType = sourcecode.swift; path = space_battle_gameTests.swift; sourceTree = "<group>"; };
		C4E801CC23528EDE00225136 /* Info.plist */ = {isa = PBXFileReference; lastKnownFileType = text.plist.xml; path = Info.plist; sourceTree = "<group>"; };
		C4E801D123528EDE00225136 /* space_battle_gameUITests.xctest */ = {isa = PBXFileReference; explicitFileType = wrapper.cfbundle; includeInIndex = 0; path = space_battle_gameUITests.xctest; sourceTree = BUILT_PRODUCTS_DIR; };
		C4E801D523528EDE00225136 /* space_battle_gameUITests.swift */ = {isa = PBXFileReference; lastKnownFileType = sourcecode.swift; path = space_battle_gameUITests.swift; sourceTree = "<group>"; };
		C4E801D723528EDF00225136 /* Info.plist */ = {isa = PBXFileReference; lastKnownFileType = text.plist.xml; path = Info.plist; sourceTree = "<group>"; };
		C4E801E32352B45500225136 /* bulletSoundEffect00.wav */ = {isa = PBXFileReference; lastKnownFileType = audio.wav; path = bulletSoundEffect00.wav; sourceTree = "<group>"; };
		C4E801E52352B67800225136 /* bulletSoundEffect01.wav */ = {isa = PBXFileReference; lastKnownFileType = audio.wav; path = bulletSoundEffect01.wav; sourceTree = "<group>"; };
/* End PBXFileReference section */

/* Begin PBXFrameworksBuildPhase section */
		C4E801A923528EDA00225136 /* Frameworks */ = {
			isa = PBXFrameworksBuildPhase;
			buildActionMask = 2147483647;
			files = (
			);
			runOnlyForDeploymentPostprocessing = 0;
		};
		C4E801C323528EDE00225136 /* Frameworks */ = {
			isa = PBXFrameworksBuildPhase;
			buildActionMask = 2147483647;
			files = (
			);
			runOnlyForDeploymentPostprocessing = 0;
		};
		C4E801CE23528EDE00225136 /* Frameworks */ = {
			isa = PBXFrameworksBuildPhase;
			buildActionMask = 2147483647;
			files = (
			);
			runOnlyForDeploymentPostprocessing = 0;
		};
/* End PBXFrameworksBuildPhase section */

/* Begin PBXGroup section */
		C4E801A323528EDA00225136 = {
			isa = PBXGroup;
			children = (
				C4E801AE23528EDA00225136 /* space_battle_game */,
				C4E801C923528EDE00225136 /* space_battle_gameTests */,
				C4E801D423528EDE00225136 /* space_battle_gameUITests */,
				C4E801AD23528EDA00225136 /* Products */,
			);
			sourceTree = "<group>";
		};
		C4E801AD23528EDA00225136 /* Products */ = {
			isa = PBXGroup;
			children = (
				C4E801AC23528EDA00225136 /* space_battle_game.app */,
				C4E801C623528EDE00225136 /* space_battle_gameTests.xctest */,
				C4E801D123528EDE00225136 /* space_battle_gameUITests.xctest */,
			);
			name = Products;
			sourceTree = "<group>";
		};
		C4E801AE23528EDA00225136 /* space_battle_game */ = {
			isa = PBXGroup;
			children = (
				C4C8A92923551D60007A06D4 /* theboldfont.ttf */,
				C44052D723541C96005A807D /* playerBoom01.wav */,
				C44052D523541491005A807D /* enemyBoom01.flac */,
				C4E801E52352B67800225136 /* bulletSoundEffect01.wav */,
				C4E801E32352B45500225136 /* bulletSoundEffect00.wav */,
				C4E801AF23528EDA00225136 /* AppDelegate.swift */,
				C4E801B123528EDA00225136 /* GameScene.sks */,
				C4E801B323528EDA00225136 /* Actions.sks */,
				C4E801B523528EDA00225136 /* GameScene.swift */,
				C4C8A92B2355454C007A06D4 /* GameOverScene.swift */,
				C4E801B723528EDA00225136 /* GameViewController.swift */,
				C4E801B923528EDA00225136 /* Main.storyboard */,
				C4E801BC23528EDE00225136 /* Assets.xcassets */,
				C4E801BE23528EDE00225136 /* LaunchScreen.storyboard */,
				C4E801C123528EDE00225136 /* Info.plist */,
			);
			path = space_battle_game;
			sourceTree = "<group>";
		};
		C4E801C923528EDE00225136 /* space_battle_gameTests */ = {
			isa = PBXGroup;
			children = (
				C4E801CA23528EDE00225136 /* space_battle_gameTests.swift */,
				C4E801CC23528EDE00225136 /* Info.plist */,
			);
			path = space_battle_gameTests;
			sourceTree = "<group>";
		};
		C4E801D423528EDE00225136 /* space_battle_gameUITests */ = {
			isa = PBXGroup;
			children = (
				C4E801D523528EDE00225136 /* space_battle_gameUITests.swift */,
				C4E801D723528EDF00225136 /* Info.plist */,
			);
			path = space_battle_gameUITests;
			sourceTree = "<group>";
		};
/* End PBXGroup section */

/* Begin PBXNativeTarget section */
		C4E801AB23528EDA00225136 /* space_battle_game */ = {
			isa = PBXNativeTarget;
			buildConfigurationList = C4E801DA23528EDF00225136 /* Build configuration list for PBXNativeTarget "space_battle_game" */;
			buildPhases = (
				C4E801A823528EDA00225136 /* Sources */,
				C4E801A923528EDA00225136 /* Frameworks */,
				C4E801AA23528EDA00225136 /* Resources */,
			);
			buildRules = (
			);
			dependencies = (
			);
			name = space_battle_game;
			productName = space_battle_game;
			productReference = C4E801AC23528EDA00225136 /* space_battle_game.app */;
			productType = "com.apple.product-type.application";
		};
		C4E801C523528EDE00225136 /* space_battle_gameTests */ = {
			isa = PBXNativeTarget;
			buildConfigurationList = C4E801DD23528EDF00225136 /* Build configuration list for PBXNativeTarget "space_battle_gameTests" */;
			buildPhases = (
				C4E801C223528EDE00225136 /* Sources */,
				C4E801C323528EDE00225136 /* Frameworks */,
				C4E801C423528EDE00225136 /* Resources */,
			);
			buildRules = (
			);
			dependencies = (
				C4E801C823528EDE00225136 /* PBXTargetDependency */,
			);
			name = space_battle_gameTests;
			productName = space_battle_gameTests;
			productReference = C4E801C623528EDE00225136 /* space_battle_gameTests.xctest */;
			productType = "com.apple.product-type.bundle.unit-test";
		};
		C4E801D023528EDE00225136 /* space_battle_gameUITests */ = {
			isa = PBXNativeTarget;
			buildConfigurationList = C4E801E023528EDF00225136 /* Build configuration list for PBXNativeTarget "space_battle_gameUITests" */;
			buildPhases = (
				C4E801CD23528EDE00225136 /* Sources */,
				C4E801CE23528EDE00225136 /* Frameworks */,
				C4E801CF23528EDE00225136 /* Resources */,
			);
			buildRules = (
			);
			dependencies = (
				C4E801D323528EDE00225136 /* PBXTargetDependency */,
			);
			name = space_battle_gameUITests;
			productName = space_battle_gameUITests;
			productReference = C4E801D123528EDE00225136 /* space_battle_gameUITests.xctest */;
			productType = "com.apple.product-type.bundle.ui-testing";
		};
/* End PBXNativeTarget section */

/* Begin PBXProject section */
		C4E801A423528EDA00225136 /* Project object */ = {
			isa = PBXProject;
			attributes = {
				LastSwiftUpdateCheck = 0940;
				LastUpgradeCheck = 0940;
				ORGANIZATIONNAME = "Mohammad Butt";
				TargetAttributes = {
					C4E801AB23528EDA00225136 = {
						CreatedOnToolsVersion = 9.4.1;
					};
					C4E801C523528EDE00225136 = {
						CreatedOnToolsVersion = 9.4.1;
						TestTargetID = C4E801AB23528EDA00225136;
					};
					C4E801D023528EDE00225136 = {
						CreatedOnToolsVersion = 9.4.1;
						TestTargetID = C4E801AB23528EDA00225136;
					};
				};
			};
			buildConfigurationList = C4E801A723528EDA00225136 /* Build configuration list for PBXProject "space_battle_game" */;
			compatibilityVersion = "Xcode 9.3";
			developmentRegion = en;
			hasScannedForEncodings = 0;
			knownRegions = (
				en,
				Base,
			);
			mainGroup = C4E801A323528EDA00225136;
			productRefGroup = C4E801AD23528EDA00225136 /* Products */;
			projectDirPath = "";
			projectRoot = "";
			targets = (
				C4E801AB23528EDA00225136 /* space_battle_game */,
				C4E801C523528EDE00225136 /* space_battle_gameTests */,
				C4E801D023528EDE00225136 /* space_battle_gameUITests */,
			);
		};
/* End PBXProject section */

/* Begin PBXResourcesBuildPhase section */
		C4E801AA23528EDA00225136 /* Resources */ = {
			isa = PBXResourcesBuildPhase;
			buildActionMask = 2147483647;
			files = (
				C44052D623541491005A807D /* enemyBoom01.flac in Resources */,
				C4E801BB23528EDA00225136 /* Main.storyboard in Resources */,
				C4E801B223528EDA00225136 /* GameScene.sks in Resources */,
				C44052D823541C96005A807D /* playerBoom01.wav in Resources */,
				C4C8A92A23551D60007A06D4 /* theboldfont.ttf in Resources */,
				C4E801BD23528EDE00225136 /* Assets.xcassets in Resources */,
				C4E801C023528EDE00225136 /* LaunchScreen.storyboard in Resources */,
				C4E801B423528EDA00225136 /* Actions.sks in Resources */,
				C4E801E62352B67800225136 /* bulletSoundEffect01.wav in Resources */,
				C4E801E42352B45500225136 /* bulletSoundEffect00.wav in Resources */,
			);
			runOnlyForDeploymentPostprocessing = 0;
		};
		C4E801C423528EDE00225136 /* Resources */ = {
			isa = PBXResourcesBuildPhase;
			buildActionMask = 2147483647;
			files = (
			);
			runOnlyForDeploymentPostprocessing = 0;
		};
		C4E801CF23528EDE00225136 /* Resources */ = {
			isa = PBXResourcesBuildPhase;
			buildActionMask = 2147483647;
			files = (
			);
			runOnlyForDeploymentPostprocessing = 0;
		};
/* End PBXResourcesBuildPhase section */

/* Begin PBXSourcesBuildPhase section */
		C4E801A823528EDA00225136 /* Sources */ = {
			isa = PBXSourcesBuildPhase;
			buildActionMask = 2147483647;
			files = (
				C4E801B623528EDA00225136 /* GameScene.swift in Sources */,
				C4E801B823528EDA00225136 /* GameViewController.swift in Sources */,
				C4C8A92C2355454C007A06D4 /* GameOverScene.swift in Sources */,
				C4E801B023528EDA00225136 /* AppDelegate.swift in Sources */,
			);
			runOnlyForDeploymentPostprocessing = 0;
		};
		C4E801C223528EDE00225136 /* Sources */ = {
			isa = PBXSourcesBuildPhase;
			buildActionMask = 2147483647;
			files = (
				C4E801CB23528EDE00225136 /* space_battle_gameTests.swift in Sources */,
			);
			runOnlyForDeploymentPostprocessing = 0;
		};
		C4E801CD23528EDE00225136 /* Sources */ = {
			isa = PBXSourcesBuildPhase;
			buildActionMask = 2147483647;
			files = (
				C4E801D623528EDE00225136 /* space_battle_gameUITests.swift in Sources */,
			);
			runOnlyForDeploymentPostprocessing = 0;
		};
/* End PBXSourcesBuildPhase section */

/* Begin PBXTargetDependency section */
		C4E801C823528EDE00225136 /* PBXTargetDependency */ = {
			isa = PBXTargetDependency;
			target = C4E801AB23528EDA00225136 /* space_battle_game */;
			targetProxy = C4E801C723528EDE00225136 /* PBXContainerItemProxy */;
		};
		C4E801D323528EDE00225136 /* PBXTargetDependency */ = {
			isa = PBXTargetDependency;
			target = C4E801AB23528EDA00225136 /* space_battle_game */;
			targetProxy = C4E801D223528EDE00225136 /* PBXContainerItemProxy */;
		};
/* End PBXTargetDependency section */

/* Begin PBXVariantGroup section */
		C4E801B923528EDA00225136 /* Main.storyboard */ = {
			isa = PBXVariantGroup;
			children = (
				C4E801BA23528EDA00225136 /* Base */,
			);
			name = Main.storyboard;
			sourceTree = "<group>";
		};
		C4E801BE23528EDE00225136 /* LaunchScreen.storyboard */ = {
			isa = PBXVariantGroup;
			children = (
				C4E801BF23528EDE00225136 /* Base */,
			);
			name = LaunchScreen.storyboard;
			sourceTree = "<group>";
		};
/* End PBXVariantGroup section */

/* Begin XCBuildConfiguration section */
		C4E801D823528EDF00225136 /* Debug */ = {
			isa = XCBuildConfiguration;
			buildSettings = {
				ALWAYS_SEARCH_USER_PATHS = NO;
				CLANG_ANALYZER_NONNULL = YES;
				CLANG_ANALYZER_NUMBER_OBJECT_CONVERSION = YES_AGGRESSIVE;
				CLANG_CXX_LANGUAGE_STANDARD = "gnu++14";
				CLANG_CXX_LIBRARY = "libc++";
				CLANG_ENABLE_MODULES = YES;
				CLANG_ENABLE_OBJC_ARC = YES;
				CLANG_ENABLE_OBJC_WEAK = YES;
				CLANG_WARN_BLOCK_CAPTURE_AUTORELEASING = YES;
				CLANG_WARN_BOOL_CONVERSION = YES;
				CLANG_WARN_COMMA = YES;
				CLANG_WARN_CONSTANT_CONVERSION = YES;
				CLANG_WARN_DEPRECATED_OBJC_IMPLEMENTATIONS = YES;
				CLANG_WARN_DIRECT_OBJC_ISA_USAGE = YES_ERROR;
				CLANG_WARN_DOCUMENTATION_COMMENTS = YES;
				CLANG_WARN_EMPTY_BODY = YES;
				CLANG_WARN_ENUM_CONVERSION = YES;
				CLANG_WARN_INFINITE_RECURSION = YES;
				CLANG_WARN_INT_CONVERSION = YES;
				CLANG_WARN_NON_LITERAL_NULL_CONVERSION = YES;
				CLANG_WARN_OBJC_IMPLICIT_RETAIN_SELF = YES;
				CLANG_WARN_OBJC_LITERAL_CONVERSION = YES;
				CLANG_WARN_OBJC_ROOT_CLASS = YES_ERROR;
				CLANG_WARN_RANGE_LOOP_ANALYSIS = YES;
				CLANG_WARN_STRICT_PROTOTYPES = YES;
				CLANG_WARN_SUSPICIOUS_MOVE = YES;
				CLANG_WARN_UNGUARDED_AVAILABILITY = YES_AGGRESSIVE;
				CLANG_WARN_UNREACHABLE_CODE = YES;
				CLANG_WARN__DUPLICATE_METHOD_MATCH = YES;
				CODE_SIGN_IDENTITY = "iPhone Developer";
				COPY_PHASE_STRIP = NO;
				DEBUG_INFORMATION_FORMAT = dwarf;
				ENABLE_STRICT_OBJC_MSGSEND = YES;
				ENABLE_TESTABILITY = YES;
				GCC_C_LANGUAGE_STANDARD = gnu11;
				GCC_DYNAMIC_NO_PIC = NO;
				GCC_NO_COMMON_BLOCKS = YES;
				GCC_OPTIMIZATION_LEVEL = 0;
				GCC_PREPROCESSOR_DEFINITIONS = (
					"DEBUG=1",
					"$(inherited)",
				);
				GCC_WARN_64_TO_32_BIT_CONVERSION = YES;
				GCC_WARN_ABOUT_RETURN_TYPE = YES_ERROR;
				GCC_WARN_UNDECLARED_SELECTOR = YES;
				GCC_WARN_UNINITIALIZED_AUTOS = YES_AGGRESSIVE;
				GCC_WARN_UNUSED_FUNCTION = YES;
				GCC_WARN_UNUSED_VARIABLE = YES;
				IPHONEOS_DEPLOYMENT_TARGET = 11.4;
				MTL_ENABLE_DEBUG_INFO = YES;
				ONLY_ACTIVE_ARCH = YES;
				SDKROOT = iphoneos;
				SWIFT_ACTIVE_COMPILATION_CONDITIONS = DEBUG;
				SWIFT_OPTIMIZATION_LEVEL = "-Onone";
			};
			name = Debug;
		};
		C4E801D923528EDF00225136 /* Release */ = {
			isa = XCBuildConfiguration;
			buildSettings = {
				ALWAYS_SEARCH_USER_PATHS = NO;
				CLANG_ANALYZER_NONNULL = YES;
				CLANG_ANALYZER_NUMBER_OBJECT_CONVERSION = YES_AGGRESSIVE;
				CLANG_CXX_LANGUAGE_STANDARD = "gnu++14";
				CLANG_CXX_LIBRARY = "libc++";
				CLANG_ENABLE_MODULES = YES;
				CLANG_ENABLE_OBJC_ARC = YES;
				CLANG_ENABLE_OBJC_WEAK = YES;
				CLANG_WARN_BLOCK_CAPTURE_AUTORELEASING = YES;
				CLANG_WARN_BOOL_CONVERSION = YES;
				CLANG_WARN_COMMA = YES;
				CLANG_WARN_CONSTANT_CONVERSION = YES;
				CLANG_WARN_DEPRECATED_OBJC_IMPLEMENTATIONS = YES;
				CLANG_WARN_DIRECT_OBJC_ISA_USAGE = YES_ERROR;
				CLANG_WARN_DOCUMENTATION_COMMENTS = YES;
				CLANG_WARN_EMPTY_BODY = YES;
				CLANG_WARN_ENUM_CONVERSION = YES;
				CLANG_WARN_INFINITE_RECURSION = YES;
				CLANG_WARN_INT_CONVERSION = YES;
				CLANG_WARN_NON_LITERAL_NULL_CONVERSION = YES;
				CLANG_WARN_OBJC_IMPLICIT_RETAIN_SELF = YES;
				CLANG_WARN_OBJC_LITERAL_CONVERSION = YES;
				CLANG_WARN_OBJC_ROOT_CLASS = YES_ERROR;
				CLANG_WARN_RANGE_LOOP_ANALYSIS = YES;
				CLANG_WARN_STRICT_PROTOTYPES = YES;
				CLANG_WARN_SUSPICIOUS_MOVE = YES;
				CLANG_WARN_UNGUARDED_AVAILABILITY = YES_AGGRESSIVE;
				CLANG_WARN_UNREACHABLE_CODE = YES;
				CLANG_WARN__DUPLICATE_METHOD_MATCH = YES;
				CODE_SIGN_IDENTITY = "iPhone Developer";
				COPY_PHASE_STRIP = NO;
				DEBUG_INFORMATION_FORMAT = "dwarf-with-dsym";
				ENABLE_NS_ASSERTIONS = NO;
				ENABLE_STRICT_OBJC_MSGSEND = YES;
				GCC_C_LANGUAGE_STANDARD = gnu11;
				GCC_NO_COMMON_BLOCKS = YES;
				GCC_WARN_64_TO_32_BIT_CONVERSION = YES;
				GCC_WARN_ABOUT_RETURN_TYPE = YES_ERROR;
				GCC_WARN_UNDECLARED_SELECTOR = YES;
				GCC_WARN_UNINITIALIZED_AUTOS = YES_AGGRESSIVE;
				GCC_WARN_UNUSED_FUNCTION = YES;
				GCC_WARN_UNUSED_VARIABLE = YES;
				IPHONEOS_DEPLOYMENT_TARGET = 11.4;
				MTL_ENABLE_DEBUG_INFO = NO;
				SDKROOT = iphoneos;
				SWIFT_COMPILATION_MODE = wholemodule;
				SWIFT_OPTIMIZATION_LEVEL = "-O";
				VALIDATE_PRODUCT = YES;
			};
			name = Release;
		};
		C4E801DB23528EDF00225136 /* Debug */ = {
			isa = XCBuildConfiguration;
			buildSettings = {
				ASSETCATALOG_COMPILER_APPICON_NAME = AppIcon;
				CODE_SIGN_STYLE = Automatic;
				INFOPLIST_FILE = space_battle_game/Info.plist;
				IPHONEOS_DEPLOYMENT_TARGET = 9.0;
				LD_RUNPATH_SEARCH_PATHS = (
					"$(inherited)",
					"@executable_path/Frameworks",
				);
				PRODUCT_BUNDLE_IDENTIFIER = "mbutt-student.42.us.org.space-battle-game";
				PRODUCT_NAME = "$(TARGET_NAME)";
				SWIFT_VERSION = 4.0;
				TARGETED_DEVICE_FAMILY = "1,2";
			};
			name = Debug;
		};
		C4E801DC23528EDF00225136 /* Release */ = {
			isa = XCBuildConfiguration;
			buildSettings = {
				ASSETCATALOG_COMPILER_APPICON_NAME = AppIcon;
				CODE_SIGN_STYLE = Automatic;
				INFOPLIST_FILE = space_battle_game/Info.plist;
				IPHONEOS_DEPLOYMENT_TARGET = 9.0;
				LD_RUNPATH_SEARCH_PATHS = (
					"$(inherited)",
					"@executable_path/Frameworks",
				);
				PRODUCT_BUNDLE_IDENTIFIER = "mbutt-student.42.us.org.space-battle-game";
				PRODUCT_NAME = "$(TARGET_NAME)";
				SWIFT_VERSION = 4.0;
				TARGETED_DEVICE_FAMILY = "1,2";
			};
			name = Release;
		};
		C4E801DE23528EDF00225136 /* Debug */ = {
			isa = XCBuildConfiguration;
			buildSettings = {
				ALWAYS_EMBED_SWIFT_STANDARD_LIBRARIES = YES;
				BUNDLE_LOADER = "$(TEST_HOST)";
				CODE_SIGN_STYLE = Automatic;
				INFOPLIST_FILE = space_battle_gameTests/Info.plist;
				LD_RUNPATH_SEARCH_PATHS = (
					"$(inherited)",
					"@executable_path/Frameworks",
					"@loader_path/Frameworks",
				);
				PRODUCT_BUNDLE_IDENTIFIER = "mbutt-student.42.us.org.space-battle-gameTests";
				PRODUCT_NAME = "$(TARGET_NAME)";
				SWIFT_VERSION = 4.0;
				TARGETED_DEVICE_FAMILY = "1,2";
				TEST_HOST = "$(BUILT_PRODUCTS_DIR)/space_battle_game.app/space_battle_game";
			};
			name = Debug;
		};
		C4E801DF23528EDF00225136 /* Release */ = {
			isa = XCBuildConfiguration;
			buildSettings = {
				ALWAYS_EMBED_SWIFT_STANDARD_LIBRARIES = YES;
				BUNDLE_LOADER = "$(TEST_HOST)";
				CODE_SIGN_STYLE = Automatic;
				INFOPLIST_FILE = space_battle_gameTests/Info.plist;
				LD_RUNPATH_SEARCH_PATHS = (
					"$(inherited)",
					"@executable_path/Frameworks",
					"@loader_path/Frameworks",
				);
				PRODUCT_BUNDLE_IDENTIFIER = "mbutt-student.42.us.org.space-battle-gameTests";
				PRODUCT_NAME = "$(TARGET_NAME)";
				SWIFT_VERSION = 4.0;
				TARGETED_DEVICE_FAMILY = "1,2";
				TEST_HOST = "$(BUILT_PRODUCTS_DIR)/space_battle_game.app/space_battle_game";
			};
			name = Release;
		};
		C4E801E123528EDF00225136 /* Debug */ = {
			isa = XCBuildConfiguration;
			buildSettings = {
				ALWAYS_EMBED_SWIFT_STANDARD_LIBRARIES = YES;
				CODE_SIGN_STYLE = Automatic;
				INFOPLIST_FILE = space_battle_gameUITests/Info.plist;
				LD_RUNPATH_SEARCH_PATHS = (
					"$(inherited)",
					"@executable_path/Frameworks",
					"@loader_path/Frameworks",
				);
				PRODUCT_BUNDLE_IDENTIFIER = "mbutt-student.42.us.org.space-battle-gameUITests";
				PRODUCT_NAME = "$(TARGET_NAME)";
				SWIFT_VERSION = 4.0;
				TARGETED_DEVICE_FAMILY = "1,2";
				TEST_TARGET_NAME = space_battle_game;
			};
			name = Debug;
		};
		C4E801E223528EDF00225136 /* Release */ = {
			isa = XCBuildConfiguration;
			buildSettings = {
				ALWAYS_EMBED_SWIFT_STANDARD_LIBRARIES = YES;
				CODE_SIGN_STYLE = Automatic;
				INFOPLIST_FILE = space_battle_gameUITests/Info.plist;
				LD_RUNPATH_SEARCH_PATHS = (
					"$(inherited)",
					"@executable_path/Frameworks",
					"@loader_path/Frameworks",
				);
				PRODUCT_BUNDLE_IDENTIFIER = "mbutt-student.42.us.org.space-battle-gameUITests";
				PRODUCT_NAME = "$(TARGET_NAME)";
				SWIFT_VERSION = 4.0;
				TARGETED_DEVICE_FAMILY = "1,2";
				TEST_TARGET_NAME = space_battle_game;
			};
			name = Release;
		};
/* End XCBuildConfiguration section */

/* Begin XCConfigurationList section */
		C4E801A723528EDA00225136 /* Build configuration list for PBXProject "space_battle_game" */ = {
			isa = XCConfigurationList;
			buildConfigurations = (
				C4E801D823528EDF00225136 /* Debug */,
				C4E801D923528EDF00225136 /* Release */,
			);
			defaultConfigurationIsVisible = 0;
			defaultConfigurationName = Release;
		};
		C4E801DA23528EDF00225136 /* Build configuration list for PBXNativeTarget "space_battle_game" */ = {
			isa = XCConfigurationList;
			buildConfigurations = (
				C4E801DB23528EDF00225136 /* Debug */,
				C4E801DC23528EDF00225136 /* Release */,
			);
			defaultConfigurationIsVisible = 0;
			defaultConfigurationName = Release;
		};
		C4E801DD23528EDF00225136 /* Build configuration list for PBXNativeTarget "space_battle_gameTests" */ = {
			isa = XCConfigurationList;
			buildConfigurations = (
				C4E801DE23528EDF00225136 /* Debug */,
				C4E801DF23528EDF00225136 /* Release */,
			);
			defaultConfigurationIsVisible = 0;
			defaultConfigurationName = Release;
		};
		C4E801E023528EDF00225136 /* Build configuration list for PBXNativeTarget "space_battle_gameUITests" */ = {
			isa = XCConfigurationList;
			buildConfigurations = (
				C4E801E123528EDF00225136 /* Debug */,
				C4E801E223528EDF00225136 /* Release */,
			);
			defaultConfigurationIsVisible = 0;
			defaultConfigurationName = Release;
		};
/* End XCConfigurationList section */
	};
	rootObject = C4E801A423528EDA00225136 /* Project object */;
}
